
Microsoft Visual Studio Solution File, Format Version 12.00
# Visual Studio Version 16
VisualStudioVersion = 16.0.31702.278
MinimumVisualStudioVersion = 10.0.40219.1
Project("{2150E333-8FDC-42A3-9474-1A3956D46DE8}") = "Application", "Application", "{C192D0C7-A6E7-4B8F-A707-053FB834619D}"
EndProject
Project("{2150E333-8FDC-42A3-9474-1A3956D46DE8}") = "Core", "Core", "{37276356-0F5D-4530-A2D4-7902C95CB272}"
EndProject
Project("{2150E333-8FDC-42A3-9474-1A3956D46DE8}") = "Domain", "Domain", "{24281A48-7127-4ECE-AD3E-BC52D1F4EDC8}"
EndProject
Project("{2150E333-8FDC-42A3-9474-1A3956D46DE8}") = "Infrastructure", "Infrastructure", "{8D9981FA-8642-4310-A74E-B8BE4F4FD406}"
EndProject
Project("{2150E333-8FDC-42A3-9474-1A3956D46DE8}") = "Persistance", "Persistance", "{5BCA6C26-27FD-4C32-BC76-629438779D8C}"
EndProject
Project("{2150E333-8FDC-42A3-9474-1A3956D46DE8}") = "Presantation", "Presantation", "{D919D3B3-622A-4A6B-AC09-FB2C0A5E6FD1}"
EndProject
Project("{FAE04EC0-301F-11D3-BF4B-00C04F79EFBC}") = "AgileManagement.Application", "AgileManagement.Application\AgileManagement.Application.csproj", "{FAEE3753-A834-4033-93F2-E73BCF94F066}"
EndProject
Project("{FAE04EC0-301F-11D3-BF4B-00C04F79EFBC}") = "AgileManagement.Core", "AgileManagement.Core\AgileManagement.Core.csproj", "{08359EEC-9E51-4171-B8D6-327D539387C4}"
EndProject
Project("{FAE04EC0-301F-11D3-BF4B-00C04F79EFBC}") = "AgileManagement.Domain", "AgileManagement.Domain\AgileManagement.Domain.csproj", "{DD470508-856F-48C8-AE15-89748202BC9C}"
EndProject
Project("{FAE04EC0-301F-11D3-BF4B-00C04F79EFBC}") = "AgileManagement.Infrastructure", "AgileManagement.Infrastructure\AgileManagement.Infrastructure.csproj", "{F971DB28-18DA-46A7-A076-79C0ED47C840}"
EndProject
Project("{2150E333-8FDC-42A3-9474-1A3956D46DE8}") = "Efcore", "Efcore", "{243039D7-555D-4277-A595-26A7E5F177E7}"
EndProject
Project("{FAE04EC0-301F-11D3-BF4B-00C04F79EFBC}") = "AgileManagement.Persistance.EfCore", "AgileManagement.Persistance.EfCore\AgileManagement.Persistance.EfCore.csproj", "{48DD405F-F73C-4C2C-B593-53807476E882}"
EndProject
Project("{2150E333-8FDC-42A3-9474-1A3956D46DE8}") = "WebApi", "WebApi", "{CB06A95E-7E4E-41F0-ADCC-F0F88E665237}"
EndProject
Project("{FAE04EC0-301F-11D3-BF4B-00C04F79EFBC}") = "AgileManagement.WebApi", "AgileManagement.WebApi\AgileManagement.WebApi.csproj", "{E1417DE1-7763-4B76-AB10-50AA6951273E}"
EndProject
Project("{2150E333-8FDC-42A3-9474-1A3956D46DE8}") = "Common", "Common", "{C9966C85-C191-474E-BD72-D81271EF481C}"
EndProject
Project("{FAE04EC0-301F-11D3-BF4B-00C04F79EFBC}") = "AgileManagement.Common", "AgileManagement.Common\AgileManagement.Common.csproj", "{C344DC95-44D2-4106-8E1C-8062A49EFD6C}"
EndProject
Global
	GlobalSection(SolutionConfigurationPlatforms) = preSolution
		Debug|Any CPU = Debug|Any CPU
		Release|Any CPU = Release|Any CPU
	EndGlobalSection
	GlobalSection(ProjectConfigurationPlatforms) = postSolution
		{FAEE3753-A834-4033-93F2-E73BCF94F066}.Debug|Any CPU.ActiveCfg = Debug|Any CPU
		{FAEE3753-A834-4033-93F2-E73BCF94F066}.Debug|Any CPU.Build.0 = Debug|Any CPU
		{FAEE3753-A834-4033-93F2-E73BCF94F066}.Release|Any CPU.ActiveCfg = Release|Any CPU
		{FAEE3753-A834-4033-93F2-E73BCF94F066}.Release|Any CPU.Build.0 = Release|Any CPU
		{08359EEC-9E51-4171-B8D6-327D539387C4}.Debug|Any CPU.ActiveCfg = Debug|Any CPU
		{08359EEC-9E51-4171-B8D6-327D539387C4}.Debug|Any CPU.Build.0 = Debug|Any CPU
		{08359EEC-9E51-4171-B8D6-327D539387C4}.Release|Any CPU.ActiveCfg = Release|Any CPU
		{08359EEC-9E51-4171-B8D6-327D539387C4}.Release|Any CPU.Build.0 = Release|Any CPU
		{DD470508-856F-48C8-AE15-89748202BC9C}.Debug|Any CPU.ActiveCfg = Debug|Any CPU
		{DD470508-856F-48C8-AE15-89748202BC9C}.Debug|Any CPU.Build.0 = Debug|Any CPU
		{DD470508-856F-48C8-AE15-89748202BC9C}.Release|Any CPU.ActiveCfg = Release|Any CPU
		{DD470508-856F-48C8-AE15-89748202BC9C}.Release|Any CPU.Build.0 = Release|Any CPU
		{F971DB28-18DA-46A7-A076-79C0ED47C840}.Debug|Any CPU.ActiveCfg = Debug|Any CPU
		{F971DB28-18DA-46A7-A076-79C0ED47C840}.Debug|Any CPU.Build.0 = Debug|Any CPU
		{F971DB28-18DA-46A7-A076-79C0ED47C840}.Release|Any CPU.ActiveCfg = Release|Any CPU
		{F971DB28-18DA-46A7-A076-79C0ED47C840}.Release|Any CPU.Build.0 = Release|Any CPU
		{48DD405F-F73C-4C2C-B593-53807476E882}.Debug|Any CPU.ActiveCfg = Debug|Any CPU
		{48DD405F-F73C-4C2C-B593-53807476E882}.Debug|Any CPU.Build.0 = Debug|Any CPU
		{48DD405F-F73C-4C2C-B593-53807476E882}.Release|Any CPU.ActiveCfg = Release|Any CPU
		{48DD405F-F73C-4C2C-B593-53807476E882}.Release|Any CPU.Build.0 = Release|Any CPU
		{E1417DE1-7763-4B76-AB10-50AA6951273E}.Debug|Any CPU.ActiveCfg = Debug|Any CPU
		{E1417DE1-7763-4B76-AB10-50AA6951273E}.Debug|Any CPU.Build.0 = Debug|Any CPU
		{E1417DE1-7763-4B76-AB10-50AA6951273E}.Release|Any CPU.ActiveCfg = Release|Any CPU
		{E1417DE1-7763-4B76-AB10-50AA6951273E}.Release|Any CPU.Build.0 = Release|Any CPU
		{C344DC95-44D2-4106-8E1C-8062A49EFD6C}.Debug|Any CPU.ActiveCfg = Debug|Any CPU
		{C344DC95-44D2-4106-8E1C-8062A49EFD6C}.Debug|Any CPU.Build.0 = Debug|Any CPU
		{C344DC95-44D2-4106-8E1C-8062A49EFD6C}.Release|Any CPU.ActiveCfg = Release|Any CPU
		{C344DC95-44D2-4106-8E1C-8062A49EFD6C}.Release|Any CPU.Build.0 = Release|Any CPU
	EndGlobalSection
	GlobalSection(SolutionProperties) = preSolution
		HideSolutionNode = FALSE
	EndGlobalSection
	GlobalSection(NestedProjects) = preSolution
		{FAEE3753-A834-4033-93F2-E73BCF94F066} = {C192D0C7-A6E7-4B8F-A707-053FB834619D}
		{08359EEC-9E51-4171-B8D6-327D539387C4} = {37276356-0F5D-4530-A2D4-7902C95CB272}
		{DD470508-856F-48C8-AE15-89748202BC9C} = {24281A48-7127-4ECE-AD3E-BC52D1F4EDC8}
		{F971DB28-18DA-46A7-A076-79C0ED47C840} = {8D9981FA-8642-4310-A74E-B8BE4F4FD406}
		{243039D7-555D-4277-A595-26A7E5F177E7} = {5BCA6C26-27FD-4C32-BC76-629438779D8C}
		{48DD405F-F73C-4C2C-B593-53807476E882} = {243039D7-555D-4277-A595-26A7E5F177E7}
		{CB06A95E-7E4E-41F0-ADCC-F0F88E665237} = {D919D3B3-622A-4A6B-AC09-FB2C0A5E6FD1}
		{E1417DE1-7763-4B76-AB10-50AA6951273E} = {CB06A95E-7E4E-41F0-ADCC-F0F88E665237}
		{C344DC95-44D2-4106-8E1C-8062A49EFD6C} = {C9966C85-C191-474E-BD72-D81271EF481C}
	EndGlobalSection
	GlobalSection(ExtensibilityGlobals) = postSolution
		SolutionGuid = {525A46E4-32FE-4842-AD28-27A43CB03E0F}
	EndGlobalSection
EndGlobal
